{
    "hash": "a410bcd03d4589d8a28163f35bdaf53e",
    "packages": [
        {
            "name": "composer/installers",
            "version": "dev-master",
            "source": {
                "type": "git",
                "url": "https://github.com/composer/installers",
                "reference": "0a584aec8e1cf9df7a29d7a16067cd4db2632d07"
            },
            "dist": {
                "type": "zip",
                "url": "https://api.github.com/repos/composer/installers/zipball/0a584aec8e1cf9df7a29d7a16067cd4db2632d07",
                "reference": "0a584aec8e1cf9df7a29d7a16067cd4db2632d07",
                "shasum": ""
            },
            "replace": {
                "shama/baton": "*"
            },
            "require-dev": {
                "composer/composer": "1.0.*@dev",
                "phpunit/phpunit": "3.7.*"
            },
            "time": "2013-02-11 22:04:15",
            "type": "composer-installer",
            "extra": {
                "class": "Composer\\Installers\\Installer",
                "branch-alias": {
                    "dev-master": "1.0-dev"
                }
            },
            "autoload": {
                "psr-0": {
                    "Composer\\Installers\\": "src/"
                }
            },
            "notification-url": "https://packagist.org/downloads/",
            "license": [
                "MIT"
            ],
            "authors": [
                {
                    "name": "Kyle Robinson Young",
                    "email": "kyle@dontkry.com",
                    "homepage": "https://github.com/shama",
                    "role": "Developer"
                }
            ],
            "description": "A multi-framework Composer library installer",
            "homepage": "http://composer.github.com/installers/",
            "keywords": [
                "symfony",
                "installer",
                "zend",
                "wordpress",
                "cakephp",
                "codeigniter",
                "fuelphp",
                "drupal",
                "lithium",
                "li3",
                "joomla",
                "laravel",
                "phpbb",
                "ppi",
                "silverstripe",
                "kohana",
                "mako",
                "TYPO3 Flow",
                "TYPO3 Neos",
                "agl"
            ]
        },
        {
            "name": "ctrl-f5/ctrlAuth",
            "version": "dev-master",
            "source": {
                "type": "git",
                "url": "http://github.com/ctrl-f5/ctrlAuth",
                "reference": "3cfabcab6a7ff9c0ff3c890cb15341bcd2db323a"
            },
            "require": {
                "php": ">=5.3.3",
                "zendframework/zendframework": "dev-master",
                "ctrl-f5/ctrllib": "dev-master"
            },
            "time": "2013-02-17 17:20:38",
            "type": "library",
            "autoload": {
                "psr-0": {
                    "CtrlAuth\\": "src/"
                }
            },
            "license": [
                "BSD-3-Clause"
            ],
            "description": "CtrlAuth",
            "homepage": "http://ctrl-f5.net/",
            "keywords": [
                "ctrl-f5",
                "zf2",
                "module",
                "auth"
            ]
        },
        {
            "name": "ctrl-f5/ctrlBlog",
            "version": "dev-master",
            "source": {
                "type": "git",
                "url": "http://github.com/ctrl-f5/ctrlBlog",
                "reference": "cc05ac6d8555d455ed9ac46d4bec457f8e65df86"
            },
            "require": {
                "php": ">=5.3.3",
                "zendframework/zendframework": "dev-master",
                "ctrl-f5/ctrllib": "dev-master",
                "ctrl-f5/ctrlauth": "dev-master",
                "ctrl-f5/markdown-oo-php": "dev-master#2efa6ba"
            },
            "time": "2013-02-17 17:21:14",
            "type": "library",
            "extra": {
                "installer-paths": {
                    "public/js/vendor/{$vendor}/{$name}/": [
                        "ctrl-f5/ctrljs"
                    ]
                }
            },
            "autoload": {
                "psr-0": {
                    "CtrlBlog\\": "src/"
                }
            },
            "license": [
                "BSD-3-Clause"
            ],
            "description": "CtrlBlog",
            "homepage": "http://ctrl-f5.net/",
            "keywords": [
                "ctrl-f5",
                "zf2"
            ]
        },
        {
            "name": "ctrl-f5/ctrljs",
            "version": "dev-master",
            "source": {
                "type": "git",
                "url": "http://github.com/ctrl-f5/ctrljs",
                "reference": "5ac3365647f1e94c1db863689b763fb03ba2950b"
            },
            "require": {
                "composer/installers": "*"
            },
            "time": "2013-01-28 00:26:35",
            "type": "zend-extra",
            "license": [
                "BSD-3-Clause"
            ],
            "description": "CtrlJS",
            "homepage": "http://ctrl-f5.net/",
            "keywords": [
                "ctrl-f5",
                "zf2",
                "js"
            ]
        },
        {
            "name": "ctrl-f5/ctrllib",
            "version": "dev-master",
            "source": {
                "type": "git",
                "url": "http://github.com/ctrl-f5/ctrllib",
                "reference": "0dc7b009d0460c23dcb0fdac1f0f406cfcdb1224"
            },
            "require": {
                "php": ">=5.3.3",
                "zendframework/zendframework": "dev-master",
                "doctrine/doctrine-orm-module": "dev-master"
            },
            "time": "2013-02-17 17:24:52",
            "type": "library",
            "autoload": {
                "psr-0": {
                    "Ctrl\\": "src/"
                }
            },
            "license": [
                "BSD-3-Clause"
            ],
            "description": "CtrlLib",
            "homepage": "http://ctrl-f5.net/",
            "keywords": [
                "ctrl-f5",
                "zf2"
            ]
        },
        {
            "name": "ctrl-f5/markdown-oo-php",
            "version": "dev-master",
            "source": {
                "type": "git",
                "url": "http://github.com/ctrl-f5/markdown-oo-php",
                "reference": "a229ed55576442512551a02f0b67efc30b0ac0fb"
            },
            "require": {
                "php": ">=5.3.3"
            },
            "time": "2013-01-27 19:11:55",
            "type": "library",
            "autoload": {
                "psr-0": {
                    "Markdown\\": "./"
                }
            },
            "license": [
                "MIT"
            ],
            "description": "Markdown implementation forked from garygolden",
            "homepage": "https://github.com/garygolden/markdown-oo-php"
        },
        {
            "name": "doctrine/annotations",
            "version": "v1.0",
            "source": {
                "type": "git",
                "url": "https://github.com/doctrine/annotations.git",
                "reference": "v1.0"
            },
            "dist": {
                "type": "zip",
                "url": "https://github.com/doctrine/annotations/archive/v1.0.zip",
                "reference": "v1.0",
                "shasum": ""
            },
            "require": {
                "php": ">=5.3.2",
                "doctrine/lexer": "1.*"
            },
            "require-dev": {
                "doctrine/cache": "1.*"
            },
            "time": "2013-01-12 19:23:32",
            "type": "library",
            "autoload": {
                "psr-0": {
                    "Doctrine\\Common\\Annotations\\": "lib/"
                }
            },
            "notification-url": "https://packagist.org/downloads/",
            "license": [
                "MIT"
            ],
            "authors": [
                {
                    "name": "Jonathan Wage",
                    "email": "jonwage@gmail.com",
                    "homepage": "http://www.jwage.com/"
                },
                {
                    "name": "Guilherme Blanco",
                    "email": "guilhermeblanco@gmail.com",
                    "homepage": "http://www.instaclick.com"
                },
                {
                    "name": "Roman Borschel",
                    "email": "roman@code-factory.org"
                },
                {
                    "name": "Benjamin Eberlei",
                    "email": "kontakt@beberlei.de"
                },
                {
                    "name": "Johannes Schmitt",
                    "email": "schmittjoh@gmail.com",
                    "homepage": "https://github.com/schmittjoh",
                    "role": "Developer of wrapped JMSSerializerBundle"
                }
            ],
            "description": "Docblock Annotations Parser",
            "homepage": "http://www.doctrine-project.org",
            "keywords": [
                "annotations",
                "parser",
                "docblock"
            ]
        },
        {
            "name": "doctrine/cache",
            "version": "v1.0",
            "source": {
                "type": "git",
                "url": "https://github.com/doctrine/cache.git",
                "reference": "v1.0"
            },
            "dist": {
                "type": "zip",
                "url": "https://github.com/doctrine/cache/archive/v1.0.zip",
                "reference": "v1.0",
                "shasum": ""
            },
            "require": {
                "php": ">=5.3.2"
            },
            "time": "2013-01-10 22:43:46",
            "type": "library",
            "autoload": {
                "psr-0": {
                    "Doctrine\\Common\\Cache\\": "lib/"
                }
            },
            "notification-url": "https://packagist.org/downloads/",
            "license": [
                "MIT"
            ],
            "authors": [
                {
                    "name": "Jonathan Wage",
                    "email": "jonwage@gmail.com",
                    "homepage": "http://www.jwage.com/"
                },
                {
                    "name": "Guilherme Blanco",
                    "email": "guilhermeblanco@gmail.com",
                    "homepage": "http://www.instaclick.com"
                },
                {
                    "name": "Roman Borschel",
                    "email": "roman@code-factory.org"
                },
                {
                    "name": "Benjamin Eberlei",
                    "email": "kontakt@beberlei.de"
                },
                {
                    "name": "Johannes Schmitt",
                    "email": "schmittjoh@gmail.com",
                    "homepage": "https://github.com/schmittjoh",
                    "role": "Developer of wrapped JMSSerializerBundle"
                }
            ],
            "description": "Caching library offering an object-oriented API for many cache backends",
            "homepage": "http://www.doctrine-project.org",
            "keywords": [
                "cache",
                "caching"
            ]
        },
        {
            "name": "doctrine/collections",
            "version": "v1.0",
            "source": {
                "type": "git",
                "url": "https://github.com/doctrine/collections.git",
                "reference": "v1.0"
            },
            "dist": {
                "type": "zip",
                "url": "https://github.com/doctrine/collections/archive/v1.0.zip",
                "reference": "v1.0",
                "shasum": ""
            },
            "require": {
                "php": ">=5.3.2"
            },
            "time": "2013-01-12 16:36:50",
            "type": "library",
            "autoload": {
                "psr-0": {
                    "Doctrine\\Common\\Collections\\": "lib/"
                }
            },
            "notification-url": "https://packagist.org/downloads/",
            "license": [
                "MIT"
            ],
            "authors": [
                {
                    "name": "Jonathan Wage",
                    "email": "jonwage@gmail.com",
                    "homepage": "http://www.jwage.com/"
                },
                {
                    "name": "Guilherme Blanco",
                    "email": "guilhermeblanco@gmail.com",
                    "homepage": "http://www.instaclick.com"
                },
                {
                    "name": "Roman Borschel",
                    "email": "roman@code-factory.org"
                },
                {
                    "name": "Benjamin Eberlei",
                    "email": "kontakt@beberlei.de"
                },
                {
                    "name": "Johannes Schmitt",
                    "email": "schmittjoh@gmail.com",
                    "homepage": "https://github.com/schmittjoh",
                    "role": "Developer of wrapped JMSSerializerBundle"
                }
            ],
            "description": "Collections Abstraction library",
            "homepage": "http://www.doctrine-project.org",
            "keywords": [
                "collections",
                "iterator",
                "array"
            ]
        },
        {
            "name": "doctrine/common",
            "version": "dev-master",
            "source": {
                "type": "git",
                "url": "https://github.com/doctrine/common.git",
                "reference": "19a18bd4d957eaab64dbe7fbe6e89ba721c94ead"
            },
            "dist": {
                "type": "zip",
                "url": "https://api.github.com/repos/doctrine/common/zipball/19a18bd4d957eaab64dbe7fbe6e89ba721c94ead",
                "reference": "19a18bd4d957eaab64dbe7fbe6e89ba721c94ead",
                "shasum": ""
            },
            "require": {
                "php": ">=5.3.2",
                "doctrine/inflector": "1.*",
                "doctrine/cache": "1.*",
                "doctrine/collections": "1.*",
                "doctrine/lexer": "1.*",
                "doctrine/annotations": "1.*"
            },
            "time": "2013-02-16 16:48:26",
            "type": "library",
            "extra": {
                "branch-alias": {
                    "dev-master": "2.4.x-dev"
                }
            },
            "autoload": {
                "psr-0": {
                    "Doctrine\\Common\\": "lib/"
                }
            },
            "notification-url": "https://packagist.org/downloads/",
            "license": [
                "MIT"
            ],
            "authors": [
                {
                    "name": "Jonathan Wage",
                    "email": "jonwage@gmail.com",
                    "homepage": "http://www.jwage.com/"
                },
                {
                    "name": "Guilherme Blanco",
                    "email": "guilhermeblanco@gmail.com",
                    "homepage": "http://www.instaclick.com"
                },
                {
                    "name": "Roman Borschel",
                    "email": "roman@code-factory.org"
                },
                {
                    "name": "Benjamin Eberlei",
                    "email": "kontakt@beberlei.de"
                },
                {
                    "name": "Johannes Schmitt",
                    "email": "schmittjoh@gmail.com",
                    "homepage": "https://github.com/schmittjoh",
                    "role": "Developer of wrapped JMSSerializerBundle"
                }
            ],
            "description": "Common Library for Doctrine projects",
            "homepage": "http://www.doctrine-project.org",
            "keywords": [
                "collections",
                "spl",
                "eventmanager",
                "annotations",
                "persistence"
            ]
        },
        {
            "name": "doctrine/dbal",
            "version": "dev-master",
            "source": {
                "type": "git",
                "url": "https://github.com/doctrine/dbal",
                "reference": "eb6ee9a86421ba534d7c5514b190d1d06b30d4b1"
            },
            "dist": {
                "type": "zip",
                "url": "https://api.github.com/repos/doctrine/dbal/zipball/eb6ee9a86421ba534d7c5514b190d1d06b30d4b1",
                "reference": "eb6ee9a86421ba534d7c5514b190d1d06b30d4b1",
                "shasum": ""
            },
            "require": {
                "php": ">=5.3.2",
                "doctrine/common": "2.4.x-dev"
            },
            "require-dev": {
                "symfony/console": "2.*"
            },
            "suggest": {
                "symfony/console": "For helpful console commands such as SQL execution and import of files."
            },
            "time": "2013-02-09 23:28:29",
            "type": "library",
            "extra": {
                "branch-alias": {
                    "dev-master": "2.4.x-dev"
                }
            },
            "autoload": {
                "psr-0": {
                    "Doctrine\\DBAL\\": "lib/"
                }
            },
            "notification-url": "https://packagist.org/downloads/",
            "license": [
                "MIT"
            ],
            "authors": [
                {
                    "name": "Jonathan Wage",
                    "email": "jonwage@gmail.com",
                    "homepage": "http://www.jwage.com/"
                },
                {
                    "name": "Guilherme Blanco",
                    "email": "guilhermeblanco@gmail.com",
                    "homepage": "http://www.instaclick.com"
                },
                {
                    "name": "Roman Borschel",
                    "email": "roman@code-factory.org"
                },
                {
                    "name": "Benjamin Eberlei",
                    "email": "kontakt@beberlei.de"
                }
            ],
            "description": "Database Abstraction Layer",
            "homepage": "http://www.doctrine-project.org",
            "keywords": [
                "database",
                "persistence",
                "dbal",
                "queryobject"
            ]
        },
        {
            "name": "doctrine/doctrine-module",
            "version": "0.7.1",
            "source": {
                "type": "git",
                "url": "git://github.com/doctrine/DoctrineModule.git",
                "reference": "0.7.1"
            },
            "dist": {
                "type": "zip",
                "url": "https://github.com/doctrine/DoctrineModule/archive/0.7.1.zip",
                "reference": "0.7.1",
                "shasum": ""
            },
            "require": {
                "php": ">=5.3.3",
                "doctrine/common": ">=2.3-dev,<2.5-dev",
                "symfony/console": ">=2.0.13",
                "zendframework/zend-authentication": "2.*",
                "zendframework/zend-cache": "2.*",
                "zendframework/zend-paginator": "2.*",
                "zendframework/zend-stdlib": "2.*",
                "zendframework/zend-mvc": "2.*",
                "zendframework/zend-servicemanager": "2.*",
                "zendframework/zend-validator": "2.*"
            },
            "suggest": {
                "doctrine/data-fixtures": "Data Fixtures if you want to generate test data or bootstrap data for your deployments"
            },
            "time": "2013-01-14 14:25:26",
            "bin": [
                "bin/doctrine-module"
            ],
            "type": "library",
            "extra": {
                "branch-alias": {
                    "dev-master": "0.8.x-dev"
                }
            },
            "autoload": {
                "psr-0": {
                    "DoctrineModule\\": "src/",
                    "DoctrineModuleTest\\": "tests/"
                }
            },
            "notification-url": "https://packagist.org/downloads/",
            "license": [
                "MIT"
            ],
            "authors": [
                {
                    "name": "Kyle Spraggs",
                    "email": "theman@spiffyjr.me",
                    "homepage": "http://www.spiffyjr.me/"
                },
                {
                    "name": "Marco Pivetta",
                    "email": "ocramius@gmail.com",
                    "homepage": "http://marco-pivetta.com/",
                    "role": "Developer"
                },
                {
                    "name": "Evan Coury",
                    "email": "me@evancoury.com",
                    "homepage": "http://blog.evan.pro/"
                },
                {
                    "name": "Guilherme Blanco",
                    "email": "guilhermeblanco@hotmail.com"
                },
                {
                    "name": "Michaël Gallego",
                    "email": "mic.gallego@gmail.com",
                    "homepage": "http://www.michaelgallego.fr"
                }
            ],
            "description": "Zend Framework 2 Module that provides Doctrine basic functionality required for ORM and ODM modules",
            "homepage": "http://www.doctrine-project.org/",
            "keywords": [
                "zf2",
                "module",
                "doctrine"
            ]
        },
        {
            "name": "doctrine/doctrine-orm-module",
            "version": "dev-master",
            "source": {
                "type": "git",
                "url": "git://github.com/doctrine/DoctrineORMModule.git",
                "reference": "8da0dab03be4f282b97632d54979d6b45d6bf479"
            },
            "dist": {
                "type": "zip",
                "url": "https://github.com/doctrine/DoctrineORMModule/archive/8da0dab03be4f282b97632d54979d6b45d6bf479.zip",
                "reference": "8da0dab03be4f282b97632d54979d6b45d6bf479",
                "shasum": ""
            },
            "require": {
                "php": ">=5.3.3",
                "doctrine/orm": ">=2.3-dev,<2.5-dev",
                "doctrine/dbal": ">=2.3-dev,<2.5-dev",
                "zendframework/zend-stdlib": "2.*",
                "zendframework/zend-form": "2.*",
                "zendframework/zend-mvc": "2.*",
                "zendframework/zend-servicemanager": "2.*",
                "doctrine/doctrine-module": "0.7.*"
            },
            "require-dev": {
                "zendframework/zend-developer-tools": "dev-master",
                "doctrine/migrations": "1.*"
            },
            "suggest": {
                "zendframework/zend-developer-tools": "zend-developer-tools if you want to profile operations executed by the ORM during development",
                "doctrine/migrations": "doctrine migrations if you want to keep your schema definitions versioned"
            },
            "time": "2013-01-23 19:32:00",
            "type": "library",
            "extra": {
                "branch-alias": {
                    "dev-master": "0.8.x-dev"
                }
            },
            "autoload": {
                "psr-0": {
                    "DoctrineORMModule\\": "src/",
                    "DoctrineORMModuleTest\\": "tests/"
                }
            },
            "notification-url": "https://packagist.org/downloads/",
            "license": [
                "MIT"
            ],
            "authors": [
                {
                    "name": "Kyle Spraggs",
                    "email": "theman@spiffyjr.me",
                    "homepage": "http://www.spiffyjr.me/"
                },
                {
                    "name": "Marco Pivetta",
                    "email": "ocramius@gmail.com",
                    "homepage": "http://marco-pivetta.com/",
                    "role": "Developer"
                },
                {
                    "name": "Evan Coury",
                    "email": "me@evancoury.com",
                    "homepage": "http://blog.evan.pro/"
                },
                {
                    "name": "Guilherme Blanco",
                    "email": "guilhermeblanco@hotmail.com"
                }
            ],
            "description": "Zend Framework 2 Module that provides Doctrine ORM functionality",
            "homepage": "http://www.doctrine-project.org/",
            "keywords": [
                "orm",
                "zf2",
                "module",
                "doctrine"
            ]
        },
        {
            "name": "doctrine/inflector",
            "version": "v1.0",
            "source": {
                "type": "git",
                "url": "https://github.com/doctrine/inflector.git",
                "reference": "v1.0"
            },
            "dist": {
                "type": "zip",
                "url": "https://github.com/doctrine/inflector/archive/v1.0.zip",
                "reference": "v1.0",
                "shasum": ""
            },
            "require": {
                "php": ">=5.3.2"
            },
            "time": "2013-01-10 21:49:15",
            "type": "library",
            "autoload": {
                "psr-0": {
                    "Doctrine\\Common\\Inflector\\": "lib/"
                }
            },
            "notification-url": "https://packagist.org/downloads/",
            "license": [
                "MIT"
            ],
            "authors": [
                {
                    "name": "Jonathan Wage",
                    "email": "jonwage@gmail.com",
                    "homepage": "http://www.jwage.com/"
                },
                {
                    "name": "Guilherme Blanco",
                    "email": "guilhermeblanco@gmail.com",
                    "homepage": "http://www.instaclick.com"
                },
                {
                    "name": "Roman Borschel",
                    "email": "roman@code-factory.org"
                },
                {
                    "name": "Benjamin Eberlei",
                    "email": "kontakt@beberlei.de"
                },
                {
                    "name": "Johannes Schmitt",
                    "email": "schmittjoh@gmail.com",
                    "homepage": "https://github.com/schmittjoh",
                    "role": "Developer of wrapped JMSSerializerBundle"
                }
            ],
            "description": "Common String Manipulations with regard to casing and singular/plural rules.",
            "homepage": "http://www.doctrine-project.org",
            "keywords": [
                "string",
                "inflection",
                "singuarlize",
                "pluarlize"
            ]
        },
        {
            "name": "doctrine/lexer",
            "version": "v1.0",
            "source": {
                "type": "git",
                "url": "https://github.com/doctrine/lexer.git",
                "reference": "v1.0"
            },
            "dist": {
                "type": "zip",
                "url": "https://github.com/doctrine/lexer/archive/v1.0.zip",
                "reference": "v1.0",
                "shasum": ""
            },
            "require": {
                "php": ">=5.3.2"
            },
            "time": "2013-01-12 18:59:04",
            "type": "library",
            "autoload": {
                "psr-0": {
                    "Doctrine\\Common\\Lexer\\": "lib/"
                }
            },
            "notification-url": "https://packagist.org/downloads/",
            "license": [
                "MIT"
            ],
            "authors": [
                {
                    "name": "Guilherme Blanco",
                    "email": "guilhermeblanco@gmail.com",
                    "homepage": "http://www.instaclick.com"
                },
                {
                    "name": "Roman Borschel",
                    "email": "roman@code-factory.org"
                },
                {
                    "name": "Johannes Schmitt",
                    "email": "schmittjoh@gmail.com",
                    "homepage": "https://github.com/schmittjoh",
                    "role": "Developer of wrapped JMSSerializerBundle"
                }
            ],
            "description": "Base library for a lexer that can be used in Top-Down, Recursive Descent Parsers.",
            "homepage": "http://www.doctrine-project.org",
            "keywords": [
                "parser",
                "lexer"
            ]
        },
        {
            "name": "doctrine/orm",
            "version": "dev-master",
            "source": {
                "type": "git",
                "url": "https://github.com/doctrine/doctrine2.git",
                "reference": "2980d76adbf5f02d420e1d5eaf00ddcfdc2aa10f"
            },
            "dist": {
                "type": "zip",
                "url": "https://api.github.com/repos/doctrine/doctrine2/zipball/2980d76adbf5f02d420e1d5eaf00ddcfdc2aa10f",
                "reference": "2980d76adbf5f02d420e1d5eaf00ddcfdc2aa10f",
                "shasum": ""
            },
            "require": {
                "php": ">=5.3.2",
                "ext-pdo": "*",
                "symfony/console": "2.*",
                "doctrine/dbal": ">=2.4-dev,<2.5-dev"
            },
            "suggest": {
                "symfony/yaml": "If you want to use YAML Metadata Mapping Driver"
            },
            "time": "2013-02-15 17:41:38",
            "bin": [
                "bin/doctrine",
                "bin/doctrine.php"
            ],
            "type": "library",
            "extra": {
                "branch-alias": {
                    "dev-master": "2.4.x-dev"
                }
            },
            "autoload": {
                "psr-0": {
                    "Doctrine\\ORM\\": "lib/"
                }
            },
            "notification-url": "https://packagist.org/downloads/",
            "license": [
                "MIT"
            ],
            "authors": [
                {
                    "name": "Jonathan Wage",
                    "email": "jonwage@gmail.com",
                    "homepage": "http://www.jwage.com/"
                },
                {
                    "name": "Guilherme Blanco",
                    "email": "guilhermeblanco@gmail.com",
                    "homepage": "http://www.instaclick.com"
                },
                {
                    "name": "Roman Borschel",
                    "email": "roman@code-factory.org"
                },
                {
                    "name": "Benjamin Eberlei",
                    "email": "kontakt@beberlei.de"
                }
            ],
            "description": "Object-Relational-Mapper for PHP",
            "homepage": "http://www.doctrine-project.org",
            "keywords": [
                "database",
                "orm"
            ]
        },
        {
            "name": "symfony/console",
            "version": "dev-master",
            "target-dir": "Symfony/Component/Console",
            "source": {
                "type": "git",
                "url": "https://github.com/symfony/Console",
                "reference": "f65e34d058f0990a724f78e8d091dc0a20e439ac"
            },
            "dist": {
                "type": "zip",
                "url": "https://api.github.com/repos/symfony/Console/zipball/f65e34d058f0990a724f78e8d091dc0a20e439ac",
                "reference": "f65e34d058f0990a724f78e8d091dc0a20e439ac",
                "shasum": ""
            },
            "require": {
                "php": ">=5.3.3"
            },
            "time": "2013-01-31 21:39:01",
            "type": "library",
            "extra": {
                "branch-alias": {
                    "dev-master": "2.3-dev"
                }
            },
            "autoload": {
                "psr-0": {
                    "Symfony\\Component\\Console\\": ""
                }
            },
            "notification-url": "https://packagist.org/downloads/",
            "license": [
                "MIT"
            ],
            "authors": [
                {
                    "name": "Fabien Potencier",
                    "email": "fabien@symfony.com"
                },
                {
                    "name": "Symfony Community",
                    "homepage": "http://symfony.com/contributors"
                }
            ],
            "description": "Symfony Console Component",
            "homepage": "http://symfony.com"
        },
        {
            "name": "zendframework/zendframework",
            "version": "dev-master",
            "source": {
                "type": "git",
                "url": "https://github.com/zendframework/zf2.git",
                "reference": "f07fafabae9d36192495c519bd7ddadd041ea5e2"
            },
            "dist": {
                "type": "zip",
                "url": "https://api.github.com/repos/zendframework/zf2/zipball/f07fafabae9d36192495c519bd7ddadd041ea5e2",
                "reference": "f07fafabae9d36192495c519bd7ddadd041ea5e2",
                "shasum": ""
            },
            "require": {
                "php": ">=5.3.3"
            },
            "replace": {
                "zendframework/zend-authentication": "self.version",
                "zendframework/zend-barcode": "self.version",
                "zendframework/zend-cache": "self.version",
                "zendframework/zend-captcha": "self.version",
                "zendframework/zend-code": "self.version",
                "zendframework/zend-config": "self.version",
                "zendframework/zend-console": "self.version",
                "zendframework/zend-crypt": "self.version",
                "zendframework/zend-db": "self.version",
                "zendframework/zend-di": "self.version",
                "zendframework/zend-dom": "self.version",
                "zendframework/zend-eventmanager": "self.version",
                "zendframework/zend-feed": "self.version",
                "zendframework/zend-file": "self.version",
                "zendframework/zend-filter": "self.version",
                "zendframework/zend-form": "self.version",
                "zendframework/zend-http": "self.version",
                "zendframework/zend-inputfilter": "self.version",
                "zendframework/zend-json": "self.version",
                "zendframework/zend-ldap": "self.version",
                "zendframework/zend-loader": "self.version",
                "zendframework/zend-log": "self.version",
                "zendframework/zend-mail": "self.version",
                "zendframework/zend-math": "self.version",
                "zendframework/zend-memory": "self.version",
                "zendframework/zend-mime": "self.version",
                "zendframework/zend-modulemanager": "self.version",
                "zendframework/zend-mvc": "self.version",
                "zendframework/zend-navigation": "self.version",
                "zendframework/zend-paginator": "self.version",
                "zendframework/zend-progressbar": "self.version",
                "zendframework/zend-serializer": "self.version",
                "zendframework/zend-server": "self.version",
                "zendframework/zend-servicemanager": "self.version",
                "zendframework/zend-session": "self.version",
                "zendframework/zend-soap": "self.version",
                "zendframework/zend-stdlib": "self.version",
                "zendframework/zend-tag": "self.version",
                "zendframework/zend-text": "self.version",
                "zendframework/zend-uri": "self.version",
                "zendframework/zend-validator": "self.version",
                "zendframework/zend-view": "self.version",
                "zendframework/zend-xmlrpc": "self.version",
                "zendframework/zend-escaper": "self.version",
                "zendframework/zend-i18n": "self.version",
                "zendframework/zend-debug": "self.version",
                "zendframework/zend-permissions-acl": "self.version",
                "zendframework/zend-version": "self.version",
                "zendframework/zend-permissions-rbac": "self.version",
                "zendframework/zend-test": "self.version"
            },
            "require-dev": {
                "doctrine/common": ">=2.1",
                "phpunit/phpunit": "3.7.*"
            },
            "suggest": {
                "doctrine/common": "Doctrine\\Common >=2.1 for annotation features",
                "ext-intl": "ext/intl for i18n features",
                "zendframework/zendservice-recaptcha": "ZendService\\ReCaptcha for rendering ReCaptchas in Zend\\Captcha and/or Zend\\Form",
                "zendframework/zendpdf": "ZendPdf for creating PDF representations of barcodes",
                "pecl-weakref": "Implementation of weak references for Zend\\Stdlib\\CallbackHandler"
            },
            "time": "2013-02-15 19:19:25",
            "bin": [
                "bin/classmap_generator.php"
            ],
            "type": "library",
            "extra": {
                "branch-alias": {
                    "dev-master": "2.1-dev",
                    "dev-develop": "2.2-dev"
                }
            },
            "autoload": {
                "psr-0": {
                    "Zend\\": "library/",
                    "ZendTest\\": "tests/"
                },
                "files": [
                    "library/Zend/Stdlib/compatibility/autoload.php",
                    "library/Zend/Session/compatibility/autoload.php"
                ]
            },
            "notification-url": "https://packagist.org/downloads/",
            "license": [
                "BSD-3-Clause"
            ],
            "description": "Zend Framework 2",
            "homepage": "http://framework.zend.com/",
            "keywords": [
                "framework",
                "zf2"
            ]
        }
    ],
    "packages-dev": null,
    "aliases": [

    ],
    "minimum-stability": "dev",
    "stability-flags": {
        "zendframework/zendframework": 20,
        "ctrl-f5/ctrllib": 20,
        "ctrl-f5/ctrlauth": 20,
        "ctrl-f5/ctrlblog": 20,
        "ctrl-f5/ctrljs": 20
    }
}
